// !$*UTF8*$!
{
	archiveVersion = 1;
	classes = {
	};
	objectVersion = 63;
	objects = {

/* Begin PBXBuildFile section */
		6E217EA2F1E12C49215CD76D /* VoiceOrbView.swift in Sources */ = {isa = PBXBuildFile; fileRef = 728985C43549280D7EE48F1B /* VoiceOrbView.swift */; };
		9E6EDED8E588657281641D0D /* WebRTC in Frameworks */ = {isa = PBXBuildFile; productRef = 26F3CDC54B03743FE4792B40 /* WebRTC */; settings = {ATTRIBUTES = (Required, ); }; };
		A21BF8D298679D261E473934 /* PairingView.swift in Sources */ = {isa = PBXBuildFile; fileRef = 7A4B279EFBA85A2B5140ED04 /* PairingView.swift */; };
		B4502F007953C115BC0E35C4 /* PairingService.swift in Sources */ = {isa = PBXBuildFile; fileRef = FC9C2F61237F70A4030DD272 /* PairingService.swift */; };
		CD86AA353B3B31E7EF5BF4E6 /* AetherApp.swift in Sources */ = {isa = PBXBuildFile; fileRef = D3E3C0C518EFFF023A4DA3E3 /* AetherApp.swift */; };
		E3724BB607C2D4F2836A5BBB /* WebRTCService.swift in Sources */ = {isa = PBXBuildFile; fileRef = 93E1C0E4CCF4BA6BC3798328 /* WebRTCService.swift */; };
/* End PBXBuildFile section */

/* Begin PBXFileReference section */
		728985C43549280D7EE48F1B /* VoiceOrbView.swift */ = {isa = PBXFileReference; lastKnownFileType = sourcecode.swift; path = VoiceOrbView.swift; sourceTree = "<group>"; };
		7A4B279EFBA85A2B5140ED04 /* PairingView.swift */ = {isa = PBXFileReference; lastKnownFileType = sourcecode.swift; path = PairingView.swift; sourceTree = "<group>"; };
		93E1C0E4CCF4BA6BC3798328 /* WebRTCService.swift */ = {isa = PBXFileReference; lastKnownFileType = sourcecode.swift; path = WebRTCService.swift; sourceTree = "<group>"; };
		AF079DE4E9E495EEF6637D03 /* Aether.app */ = {isa = PBXFileReference; includeInIndex = 0; lastKnownFileType = wrapper.application; path = Aether.app; sourceTree = BUILT_PRODUCTS_DIR; };
		D3E3C0C518EFFF023A4DA3E3 /* AetherApp.swift */ = {isa = PBXFileReference; lastKnownFileType = sourcecode.swift; path = AetherApp.swift; sourceTree = "<group>"; };
		FC9C2F61237F70A4030DD272 /* PairingService.swift */ = {isa = PBXFileReference; lastKnownFileType = sourcecode.swift; path = PairingService.swift; sourceTree = "<group>"; };
/* End PBXFileReference section */

/* Begin PBXFrameworksBuildPhase section */
		5046DF9BFF3D37DCD73624CE /* Frameworks */ = {
			isa = PBXFrameworksBuildPhase;
			buildActionMask = 2147483647;
			files = (
				9E6EDED8E588657281641D0D /* WebRTC in Frameworks */,
			);
			runOnlyForDeploymentPostprocessing = 0;
		};
/* End PBXFrameworksBuildPhase section */

/* Begin PBXGroup section */
		01EBE4DD8916DF7BB0D0EAD5 /* Aether */ = {
			isa = PBXGroup;
			children = (
				D3E3C0C518EFFF023A4DA3E3 /* AetherApp.swift */,
				099C352F423E2984433965C0 /* Models */,
				984DA071728CC425F5BBE1CC /* Services */,
				A2C0BE802BE522838D6D8B7B /* Views */,
			);
			path = Aether;
			sourceTree = "<group>";
		};
		099C352F423E2984433965C0 /* Models */ = {
			isa = PBXGroup;
			children = (
			);
			path = Models;
			sourceTree = "<group>";
		};
		7CCE34B3C0A23C3EA91514B0 = {
			isa = PBXGroup;
			children = (
				01EBE4DD8916DF7BB0D0EAD5 /* Aether */,
				8A93DD82B280EDA489D217FB /* Products */,
			);
			sourceTree = "<group>";
		};
		8A93DD82B280EDA489D217FB /* Products */ = {
			isa = PBXGroup;
			children = (
				AF079DE4E9E495EEF6637D03 /* Aether.app */,
			);
			name = Products;
			sourceTree = "<group>";
		};
		984DA071728CC425F5BBE1CC /* Services */ = {
			isa = PBXGroup;
			children = (
				FC9C2F61237F70A4030DD272 /* PairingService.swift */,
				93E1C0E4CCF4BA6BC3798328 /* WebRTCService.swift */,
			);
			path = Services;
			sourceTree = "<group>";
		};
		A2C0BE802BE522838D6D8B7B /* Views */ = {
			isa = PBXGroup;
			children = (
				7A4B279EFBA85A2B5140ED04 /* PairingView.swift */,
				728985C43549280D7EE48F1B /* VoiceOrbView.swift */,
			);
			path = Views;
			sourceTree = "<group>";
		};
/* End PBXGroup section */

/* Begin PBXNativeTarget section */
		D59EF0ACCA124A422E890B70 /* Aether */ = {
			isa = PBXNativeTarget;
			buildConfigurationList = A1098AD2A372F4DD2918AFFA /* Build configuration list for PBXNativeTarget "Aether" */;
			buildPhases = (
				E885CAA05B4AF3999B54E2C7 /* Sources */,
				5046DF9BFF3D37DCD73624CE /* Frameworks */,
			);
			buildRules = (
			);
			dependencies = (
			);
			name = Aether;
			packageProductDependencies = (
				26F3CDC54B03743FE4792B40 /* WebRTC */,
			);
			productName = Aether;
			productReference = AF079DE4E9E495EEF6637D03 /* Aether.app */;
			productType = "com.apple.product-type.application";
		};
/* End PBXNativeTarget section */

/* Begin PBXProject section */
		E7C705F7C33D8C121C974109 /* Project object */ = {
			isa = PBXProject;
			attributes = {
				BuildIndependentTargetsInParallel = YES;
				LastUpgradeCheck = 1600;
				TargetAttributes = {
					D59EF0ACCA124A422E890B70 = {
						DevelopmentTeam = "";
					};
				};
			};
			buildConfigurationList = B356F83369813E0209654ED2 /* Build configuration list for PBXProject "Aether" */;
			compatibilityVersion = "Xcode 14.0";
			developmentRegion = en;
			hasScannedForEncodings = 0;
			knownRegions = (
				Base,
				en,
			);
			mainGroup = 7CCE34B3C0A23C3EA91514B0;
			minimizedProjectReferenceProxies = 1;
			packageReferences = (
				1294277F0434ED0AC13F7891 /* XCRemoteSwiftPackageReference "WebRTC-SPM" */,
				B20501BF2F4634CA0086A0E6 /* XCRemoteSwiftPackageReference "WebRTC" */,
			);
			projectDirPath = "";
			projectRoot = "";
			targets = (
				D59EF0ACCA124A422E890B70 /* Aether */,
			);
		};
/* End PBXProject section */

/* Begin PBXSourcesBuildPhase section */
		E885CAA05B4AF3999B54E2C7 /* Sources */ = {
			isa = PBXSourcesBuildPhase;
			buildActionMask = 2147483647;
			files = (
				CD86AA353B3B31E7EF5BF4E6 /* AetherApp.swift in Sources */,
				B4502F007953C115BC0E35C4 /* PairingService.swift in Sources */,
				A21BF8D298679D261E473934 /* PairingView.swift in Sources */,
				6E217EA2F1E12C49215CD76D /* VoiceOrbView.swift in Sources */,
				E3724BB607C2D4F2836A5BBB /* WebRTCService.swift in Sources */,
			);
			runOnlyForDeploymentPostprocessing = 0;
		};
/* End PBXSourcesBuildPhase section */

/* Begin XCBuildConfiguration section */
		535B5BBD68E34C96ECFC5644 /* Release */ = {
			isa = XCBuildConfiguration;
			buildSettings = {
				ALWAYS_SEARCH_USER_PATHS = NO;
				CLANG_ANALYZER_NONNULL = YES;
				CLANG_ANALYZER_NUMBER_OBJECT_CONVERSION = YES_AGGRESSIVE;
				CLANG_CXX_LANGUAGE_STANDARD = "gnu++14";
				CLANG_CXX_LIBRARY = "libc++";
				CLANG_ENABLE_MODULES = YES;
				CLANG_ENABLE_OBJC_ARC = YES;
				CLANG_ENABLE_OBJC_WEAK = YES;
				CLANG_WARN_BLOCK_CAPTURE_AUTORELEASING = YES;
				CLANG_WARN_BOOL_CONVERSION = YES;
				CLANG_WARN_COMMA = YES;
				CLANG_WARN_CONSTANT_CONVERSION = YES;
				CLANG_WARN_DEPRECATED_OBJC_IMPLEMENTATIONS = YES;
				CLANG_WARN_DIRECT_OBJC_ISA_USAGE = YES_ERROR;
				CLANG_WARN_DOCUMENTATION_COMMENTS = YES;
				CLANG_WARN_EMPTY_BODY = YES;
				CLANG_WARN_ENUM_CONVERSION = YES;
				CLANG_WARN_INFINITE_RECURSION = YES;
				CLANG_WARN_INT_CONVERSION = YES;
				CLANG_WARN_NON_LITERAL_NULL_CONVERSION = YES;
				CLANG_WARN_OBJC_IMPLICIT_RETAIN_SELF = YES;
				CLANG_WARN_OBJC_LITERAL_CONVERSION = YES;
				CLANG_WARN_OBJC_ROOT_CLASS = YES_ERROR;
				CLANG_WARN_QUOTED_INCLUDE_IN_FRAMEWORK_HEADER = YES;
				CLANG_WARN_RANGE_LOOP_ANALYSIS = YES;
				CLANG_WARN_STRICT_PROTOTYPES = YES;
				CLANG_WARN_SUSPICIOUS_MOVE = YES;
				CLANG_WARN_UNGUARDED_AVAILABILITY = YES_AGGRESSIVE;
				CLANG_WARN_UNREACHABLE_CODE = YES;
				CLANG_WARN__DUPLICATE_METHOD_MATCH = YES;
				COPY_PHASE_STRIP = NO;
				DEBUG_INFORMATION_FORMAT = "dwarf-with-dsym";
				ENABLE_NS_ASSERTIONS = NO;
				ENABLE_STRICT_OBJC_MSGSEND = YES;
				GCC_C_LANGUAGE_STANDARD = gnu11;
				GCC_NO_COMMON_BLOCKS = YES;
				GCC_WARN_64_TO_32_BIT_CONVERSION = YES;
				GCC_WARN_ABOUT_RETURN_TYPE = YES_ERROR;
				GCC_WARN_UNDECLARED_SELECTOR = YES;
				GCC_WARN_UNINITIALIZED_AUTOS = YES_AGGRESSIVE;
				GCC_WARN_UNUSED_FUNCTION = YES;
				GCC_WARN_UNUSED_VARIABLE = YES;
				IPHONEOS_DEPLOYMENT_TARGET = 17.0;
				MTL_ENABLE_DEBUG_INFO = NO;
				MTL_FAST_MATH = YES;
				PRODUCT_NAME = "$(TARGET_NAME)";
				SDKROOT = iphoneos;
				SWIFT_COMPILATION_MODE = wholemodule;
				SWIFT_OPTIMIZATION_LEVEL = "-O";
				SWIFT_VERSION = 5.9;
			};
			name = Release;
		};
		8F65DEFA5F0FDB923D7B6E4B /* Debug */ = {
			isa = XCBuildConfiguration;
			buildSettings = {
				ASSETCATALOG_COMPILER_APPICON_NAME = AppIcon;
				CODE_SIGNING_ALLOWED = NO;
				CODE_SIGNING_REQUIRED = NO;
				CODE_SIGN_IDENTITY = "";
				DEVELOPMENT_TEAM = "";
				INFOPLIST_FILE = Aether/Info.plist;
				LD_RUNPATH_SEARCH_PATHS = (
					"$(inherited)",
					"@executable_path/Frameworks",
				);
				PRODUCT_BUNDLE_IDENTIFIER = com.aether.app;
				SDKROOT = iphoneos;
				TARGETED_DEVICE_FAMILY = "1,2";
			};
			name = Debug;
		};
		D117200E3E6E0A8910494FAE /* Release */ = {
			isa = XCBuildConfiguration;
			buildSettings = {
				ASSETCATALOG_COMPILER_APPICON_NAME = AppIcon;
				CODE_SIGNING_ALLOWED = NO;
				CODE_SIGNING_REQUIRED = NO;
				CODE_SIGN_IDENTITY = "";
				DEVELOPMENT_TEAM = "";
				INFOPLIST_FILE = Aether/Info.plist;
				LD_RUNPATH_SEARCH_PATHS = (
					"$(inherited)",
					"@executable_path/Frameworks",
				);
				PRODUCT_BUNDLE_IDENTIFIER = com.aether.app;
				SDKROOT = iphoneos;
				TARGETED_DEVICE_FAMILY = "1,2";
			};
			name = Release;
		};
		D31BFB8E8805FFAB029AB03F /* Debug */ = {
			isa = XCBuildConfiguration;
			buildSettings = {
				ALWAYS_SEARCH_USER_PATHS = NO;
				CLANG_ANALYZER_NONNULL = YES;
				CLANG_ANALYZER_NUMBER_OBJECT_CONVERSION = YES_AGGRESSIVE;
				CLANG_CXX_LANGUAGE_STANDARD = "gnu++14";
				CLANG_CXX_LIBRARY = "libc++";
				CLANG_ENABLE_MODULES = YES;
				CLANG_ENABLE_OBJC_ARC = YES;
				CLANG_ENABLE_OBJC_WEAK = YES;
				CLANG_WARN_BLOCK_CAPTURE_AUTORELEASING = YES;
				CLANG_WARN_BOOL_CONVERSION = YES;
				CLANG_WARN_COMMA = YES;
				CLANG_WARN_CONSTANT_CONVERSION = YES;
				CLANG_WARN_DEPRECATED_OBJC_IMPLEMENTATIONS = YES;
				CLANG_WARN_DIRECT_OBJC_ISA_USAGE = YES_ERROR;
				CLANG_WARN_DOCUMENTATION_COMMENTS = YES;
				CLANG_WARN_EMPTY_BODY = YES;
				CLANG_WARN_ENUM_CONVERSION = YES;
				CLANG_WARN_INFINITE_RECURSION = YES;
				CLANG_WARN_INT_CONVERSION = YES;
				CLANG_WARN_NON_LITERAL_NULL_CONVERSION = YES;
				CLANG_WARN_OBJC_IMPLICIT_RETAIN_SELF = YES;
				CLANG_WARN_OBJC_LITERAL_CONVERSION = YES;
				CLANG_WARN_OBJC_ROOT_CLASS = YES_ERROR;
				CLANG_WARN_QUOTED_INCLUDE_IN_FRAMEWORK_HEADER = YES;
				CLANG_WARN_RANGE_LOOP_ANALYSIS = YES;
				CLANG_WARN_STRICT_PROTOTYPES = YES;
				CLANG_WARN_SUSPICIOUS_MOVE = YES;
				CLANG_WARN_UNGUARDED_AVAILABILITY = YES_AGGRESSIVE;
				CLANG_WARN_UNREACHABLE_CODE = YES;
				CLANG_WARN__DUPLICATE_METHOD_MATCH = YES;
				COPY_PHASE_STRIP = NO;
				DEBUG_INFORMATION_FORMAT = dwarf;
				ENABLE_STRICT_OBJC_MSGSEND = YES;
				ENABLE_TESTABILITY = YES;
				GCC_C_LANGUAGE_STANDARD = gnu11;
				GCC_DYNAMIC_NO_PIC = NO;
				GCC_NO_COMMON_BLOCKS = YES;
				GCC_OPTIMIZATION_LEVEL = 0;
				GCC_PREPROCESSOR_DEFINITIONS = (
					"$(inherited)",
					"DEBUG=1",
				);
				GCC_WARN_64_TO_32_BIT_CONVERSION = YES;
				GCC_WARN_ABOUT_RETURN_TYPE = YES_ERROR;
				GCC_WARN_UNDECLARED_SELECTOR = YES;
				GCC_WARN_UNINITIALIZED_AUTOS = YES_AGGRESSIVE;
				GCC_WARN_UNUSED_FUNCTION = YES;
				GCC_WARN_UNUSED_VARIABLE = YES;
				IPHONEOS_DEPLOYMENT_TARGET = 17.0;
				MTL_ENABLE_DEBUG_INFO = INCLUDE_SOURCE;
				MTL_FAST_MATH = YES;
				ONLY_ACTIVE_ARCH = YES;
				PRODUCT_NAME = "$(TARGET_NAME)";
				SDKROOT = iphoneos;
				SWIFT_ACTIVE_COMPILATION_CONDITIONS = DEBUG;
				SWIFT_OPTIMIZATION_LEVEL = "-Onone";
				SWIFT_VERSION = 5.9;
			};
			name = Debug;
		};
/* End XCBuildConfiguration section */

/* Begin XCConfigurationList section */
		A1098AD2A372F4DD2918AFFA /* Build configuration list for PBXNativeTarget "Aether" */ = {
			isa = XCConfigurationList;
			buildConfigurations = (
				8F65DEFA5F0FDB923D7B6E4B /* Debug */,
				D117200E3E6E0A8910494FAE /* Release */,
			);
			defaultConfigurationIsVisible = 0;
			defaultConfigurationName = Debug;
		};
		B356F83369813E0209654ED2 /* Build configuration list for PBXProject "Aether" */ = {
			isa = XCConfigurationList;
			buildConfigurations = (
				D31BFB8E8805FFAB029AB03F /* Debug */,
				535B5BBD68E34C96ECFC5644 /* Release */,
			);
			defaultConfigurationIsVisible = 0;
			defaultConfigurationName = Debug;
		};
/* End XCConfigurationList section */

/* Begin XCRemoteSwiftPackageReference section */
		1294277F0434ED0AC13F7891 /* XCRemoteSwiftPackageReference "WebRTC-SPM" */ = {
			isa = XCRemoteSwiftPackageReference;
			repositoryURL = "https://github.com/nicklama/WebRTC-SPM";
			requirement = {
				kind = upToNextMajorVersion;
				minimumVersion = 130.0.0;
			};
		};
		B20501BF2F4634CA0086A0E6 /* XCRemoteSwiftPackageReference "WebRTC" */ = {
			isa = XCRemoteSwiftPackageReference;
			repositoryURL = "https://github.com/stasel/WebRTC";
			requirement = {
				kind = upToNextMajorVersion;
				minimumVersion = 141.0.0;
			};
		};
/* End XCRemoteSwiftPackageReference section */

/* Begin XCSwiftPackageProductDependency section */
		26F3CDC54B03743FE4792B40 /* WebRTC */ = {
			isa = XCSwiftPackageProductDependency;
			package = 1294277F0434ED0AC13F7891 /* XCRemoteSwiftPackageReference "WebRTC-SPM" */;
			productName = WebRTC;
		};
/* End XCSwiftPackageProductDependency section */
	};
	rootObject = E7C705F7C33D8C121C974109 /* Project object */;
}
